{
  "name": "CodeReviewManagementTool",
  "lockfileVersion": 3,
  "requires": true,
  "packages": {
    "": {
      "dependencies": {
        "node-diff3": "^3.2.0"
      }
    },
    "node_modules/node-diff3": {
      "version": "3.2.0",
      "resolved": "https://registry.npmjs.org/node-diff3/-/node-diff3-3.2.0.tgz",
      "integrity": "sha512-vLh2xJFSyniBLYDEDbXKqD32fQ5vAxmYT4hco8t0EHQ4CQ4BDHhshi7kdvDc6Y1MwGSi1Mhl4unUukPbCayZdw==",
      "license": "MIT",
      "engines": {
        "bun": ">=1.3.0",
        "node": ">=18"
      }
    }
  }
}
